Microsoft Visual Studio Solution File, Format Version 11.00
# Visual Studio 2008

Project("{2D7A4659-D588-88E8-7F5D-A787A4FD2E36}") = "RoomBuilder", "Assembly-CSharp.csproj", "{8B58C65D-100F-CE9A-63F1-A9CF59AC757B}"
EndProject
Global
	GlobalSection(SolutionConfigurationPlatforms) = preSolution
		Debug|Any CPU = Debug|Any CPU
		Release|Any CPU = Release|Any CPU
	EndGlobalSection
	GlobalSection(ProjectConfigurationPlatforms) = postSolution
		{8B58C65D-100F-CE9A-63F1-A9CF59AC757B}.Debug|Any CPU.ActiveCfg = Debug|Any CPU
		{8B58C65D-100F-CE9A-63F1-A9CF59AC757B}.Debug|Any CPU.Build.0 = Debug|Any CPU
		{8B58C65D-100F-CE9A-63F1-A9CF59AC757B}.Release|Any CPU.ActiveCfg = Release|Any CPU
		{8B58C65D-100F-CE9A-63F1-A9CF59AC757B}.Release|Any CPU.Build.0 = Release|Any CPU
	EndGlobalSection
	GlobalSection(SolutionProperties) = preSolution
		HideSolutionNode = FALSE
	EndGlobalSection
	GlobalSection(MonoDevelopProperties) = preSolution
		StartupItem = Assembly-CSharp.csproj
	EndGlobalSection
EndGlobal
